
Microsoft Visual Studio Solution File, Format Version 12.00
# Visual Studio Version 16
VisualStudioVersion = 16.0.30907.101
MinimumVisualStudioVersion = 10.0.40219.1
Project("{FAE04EC0-301F-11D3-BF4B-00C04F79EFBC}") = "ASPNetCore.MQTT", "ASPNetCore.MQTT\ASPNetCore.MQTT.csproj", "{FE742E04-4E40-4131-82F1-BF1BE34835EE}"
EndProject
Global
	GlobalSection(SolutionConfigurationPlatforms) = preSolution
		Debug|Any CPU = Debug|Any CPU
		Release|Any CPU = Release|Any CPU
	EndGlobalSection
	GlobalSection(ProjectConfigurationPlatforms) = postSolution
		{FE742E04-4E40-4131-82F1-BF1BE34835EE}.Debug|Any CPU.ActiveCfg = Debug|Any CPU
		{FE742E04-4E40-4131-82F1-BF1BE34835EE}.Debug|Any CPU.Build.0 = Debug|Any CPU
		{FE742E04-4E40-4131-82F1-BF1BE34835EE}.Release|Any CPU.ActiveCfg = Release|Any CPU
		{FE742E04-4E40-4131-82F1-BF1BE34835EE}.Release|Any CPU.Build.0 = Release|Any CPU
	EndGlobalSection
	GlobalSection(SolutionProperties) = preSolution
		HideSolutionNode = FALSE
	EndGlobalSection
	GlobalSection(ExtensibilityGlobals) = postSolution
		SolutionGuid = {735C055E-0BD2-4AF4-A9CE-CCE28FC82B3D}
	EndGlobalSection
EndGlobal
